<Solution>
  <Project Path="HumanResources.Application/HumanResources.Application.csproj" Id="ebf3fce7-8486-4cab-81a1-25be26f882fb" />
  <Project Path="HumanResources.Domain/HumanResources.Domain.csproj" Id="11bf576a-393b-4253-a09e-c4d77fb820ba" />
  <Project Path="HumanResources.Infrastructure/HumanResources.Infrastructure.csproj" Id="b9702000-1771-4842-b542-a1085cae6232" />
  <Project Path="HumanResources.Shared/HumanResources.Shared.csproj" Id="3b236f5f-3275-4d8d-8e3e-5e793b9390f1" />
  <Project Path="HumanResources.SocketClient/HumanResources.SocketClient.csproj" Id="33c65be7-7e01-40ed-8a7e-b6d2d94c6d0f" />
  <Project Path="HumanResources.SocketServer/HumanResources.SocketServer.csproj" Id="c45d8e98-b1a0-432f-9f8b-cf88bf9c0ff3" />
</Solution>
